// !$*UTF8*$!
{
	archiveVersion = 1;
	classes = {
	};
	objectVersion = 46;
	objects = {

/* Begin PBXBuildFile section */
		BCE1979F1AE5450C0097D728 /* main.m in Sources */ = {isa = PBXBuildFile; fileRef = BCE1979E1AE5450C0097D728 /* main.m */; };
		BCE197A21AE5450C0097D728 /* AppDelegate.m in Sources */ = {isa = PBXBuildFile; fileRef = BCE197A11AE5450C0097D728 /* AppDelegate.m */; };
		BCE197A41AE5450C0097D728 /* Images.xcassets in Resources */ = {isa = PBXBuildFile; fileRef = BCE197A31AE5450C0097D728 /* Images.xcassets */; };
		BCE197A71AE5450C0097D728 /* LaunchScreen.xib in Resources */ = {isa = PBXBuildFile; fileRef = BCE197A51AE5450C0097D728 /* LaunchScreen.xib */; };
		BCE197B31AE5450C0097D728 /* ______SliderTests.m in Sources */ = {isa = PBXBuildFile; fileRef = BCE197B21AE5450C0097D728 /* ______SliderTests.m */; };
		BCE197BE1AE5453F0097D728 /* RootViewController.m in Sources */ = {isa = PBXBuildFile; fileRef = BCE197BD1AE5453F0097D728 /* RootViewController.m */; };
		BCE197C21AE545A80097D728 /* slider_maximum.png in Resources */ = {isa = PBXBuildFile; fileRef = BCE197BF1AE545A80097D728 /* slider_maximum.png */; };
		BCE197C31AE545A80097D728 /* slider_minimum.png in Resources */ = {isa = PBXBuildFile; fileRef = BCE197C01AE545A80097D728 /* slider_minimum.png */; };
		BCE197C41AE545A80097D728 /* clear.png in Resources */ = {isa = PBXBuildFile; fileRef = BCE197C11AE545A80097D728 /* clear.png */; };
/* End PBXBuildFile section */

/* Begin PBXContainerItemProxy section */
		BCE197AD1AE5450C0097D728 /* PBXContainerItemProxy */ = {
			isa = PBXContainerItemProxy;
			containerPortal = BCE197911AE5450C0097D728 /* Project object */;
			proxyType = 1;
			remoteGlobalIDString = BCE197981AE5450C0097D728;
			remoteInfo = "炫酷的滑动条Slider";
		};
/* End PBXContainerItemProxy section */

/* Begin PBXFileReference section */
		BCE197991AE5450C0097D728 /* 炫酷的滑动条Slider.app */ = {isa = PBXFileReference; explicitFileType = wrapper.application; includeInIndex = 0; path = "炫酷的滑动条Slider.app"; sourceTree = BUILT_PRODUCTS_DIR; };
		BCE1979D1AE5450C0097D728 /* Info.plist */ = {isa = PBXFileReference; lastKnownFileType = text.plist.xml; path = Info.plist; sourceTree = "<group>"; };
		BCE1979E1AE5450C0097D728 /* main.m */ = {isa = PBXFileReference; lastKnownFileType = sourcecode.c.objc; path = main.m; sourceTree = "<group>"; };
		BCE197A01AE5450C0097D728 /* AppDelegate.h */ = {isa = PBXFileReference; lastKnownFileType = sourcecode.c.h; path = AppDelegate.h; sourceTree = "<group>"; };
		BCE197A11AE5450C0097D728 /* AppDelegate.m */ = {isa = PBXFileReference; lastKnownFileType = sourcecode.c.objc; path = AppDelegate.m; sourceTree = "<group>"; };
		BCE197A31AE5450C0097D728 /* Images.xcassets */ = {isa = PBXFileReference; lastKnownFileType = folder.assetcatalog; path = Images.xcassets; sourceTree = "<group>"; };
		BCE197A61AE5450C0097D728 /* Base */ = {isa = PBXFileReference; lastKnownFileType = file.xib; name = Base; path = Base.lproj/LaunchScreen.xib; sourceTree = "<group>"; };
		BCE197AC1AE5450C0097D728 /* 炫酷的滑动条SliderTests.xctest */ = {isa = PBXFileReference; explicitFileType = wrapper.cfbundle; includeInIndex = 0; path = "炫酷的滑动条SliderTests.xctest"; sourceTree = BUILT_PRODUCTS_DIR; };
		BCE197B11AE5450C0097D728 /* Info.plist */ = {isa = PBXFileReference; lastKnownFileType = text.plist.xml; path = Info.plist; sourceTree = "<group>"; };
		BCE197B21AE5450C0097D728 /* ______SliderTests.m */ = {isa = PBXFileReference; lastKnownFileType = sourcecode.c.objc; path = "______SliderTests.m"; sourceTree = "<group>"; };
		BCE197BC1AE5453F0097D728 /* RootViewController.h */ = {isa = PBXFileReference; fileEncoding = 4; lastKnownFileType = sourcecode.c.h; path = RootViewController.h; sourceTree = "<group>"; };
		BCE197BD1AE5453F0097D728 /* RootViewController.m */ = {isa = PBXFileReference; fileEncoding = 4; lastKnownFileType = sourcecode.c.objc; path = RootViewController.m; sourceTree = "<group>"; };
		BCE197BF1AE545A80097D728 /* slider_maximum.png */ = {isa = PBXFileReference; lastKnownFileType = image.png; path = slider_maximum.png; sourceTree = "<group>"; };
		BCE197C01AE545A80097D728 /* slider_minimum.png */ = {isa = PBXFileReference; lastKnownFileType = image.png; path = slider_minimum.png; sourceTree = "<group>"; };
		BCE197C11AE545A80097D728 /* clear.png */ = {isa = PBXFileReference; lastKnownFileType = image.png; path = clear.png; sourceTree = "<group>"; };
/* End PBXFileReference section */

/* Begin PBXFrameworksBuildPhase section */
		BCE197961AE5450C0097D728 /* Frameworks */ = {
			isa = PBXFrameworksBuildPhase;
			buildActionMask = 2147483647;
			files = (
			);
			runOnlyForDeploymentPostprocessing = 0;
		};
		BCE197A91AE5450C0097D728 /* Frameworks */ = {
			isa = PBXFrameworksBuildPhase;
			buildActionMask = 2147483647;
			files = (
			);
			runOnlyForDeploymentPostprocessing = 0;
		};
/* End PBXFrameworksBuildPhase section */

/* Begin PBXGroup section */
		BCE197901AE5450C0097D728 = {
			isa = PBXGroup;
			children = (
				BCE1979B1AE5450C0097D728 /* 炫酷的滑动条Slider */,
				BCE197AF1AE5450C0097D728 /* 炫酷的滑动条SliderTests */,
				BCE1979A1AE5450C0097D728 /* Products */,
			);
			sourceTree = "<group>";
		};
		BCE1979A1AE5450C0097D728 /* Products */ = {
			isa = PBXGroup;
			children = (
				BCE197991AE5450C0097D728 /* 炫酷的滑动条Slider.app */,
				BCE197AC1AE5450C0097D728 /* 炫酷的滑动条SliderTests.xctest */,
			);
			name = Products;
			sourceTree = "<group>";
		};
		BCE1979B1AE5450C0097D728 /* 炫酷的滑动条Slider */ = {
			isa = PBXGroup;
			children = (
				BCE197BC1AE5453F0097D728 /* RootViewController.h */,
				BCE197BD1AE5453F0097D728 /* RootViewController.m */,
				BCE197BF1AE545A80097D728 /* slider_maximum.png */,
				BCE197C01AE545A80097D728 /* slider_minimum.png */,
				BCE197C11AE545A80097D728 /* clear.png */,
				BCE197A01AE5450C0097D728 /* AppDelegate.h */,
				BCE197A11AE5450C0097D728 /* AppDelegate.m */,
				BCE197A31AE5450C0097D728 /* Images.xcassets */,
				BCE197A51AE5450C0097D728 /* LaunchScreen.xib */,
				BCE1979C1AE5450C0097D728 /* Supporting Files */,
			);
			path = "炫酷的滑动条Slider";
			sourceTree = "<group>";
		};
		BCE1979C1AE5450C0097D728 /* Supporting Files */ = {
			isa = PBXGroup;
			children = (
				BCE1979D1AE5450C0097D728 /* Info.plist */,
				BCE1979E1AE5450C0097D728 /* main.m */,
			);
			name = "Supporting Files";
			sourceTree = "<group>";
		};
		BCE197AF1AE5450C0097D728 /* 炫酷的滑动条SliderTests */ = {
			isa = PBXGroup;
			children = (
				BCE197B21AE5450C0097D728 /* ______SliderTests.m */,
				BCE197B01AE5450C0097D728 /* Supporting Files */,
			);
			path = "炫酷的滑动条SliderTests";
			sourceTree = "<group>";
		};
		BCE197B01AE5450C0097D728 /* Supporting Files */ = {
			isa = PBXGroup;
			children = (
				BCE197B11AE5450C0097D728 /* Info.plist */,
			);
			name = "Supporting Files";
			sourceTree = "<group>";
		};
/* End PBXGroup section */

/* Begin PBXNativeTarget section */
		BCE197981AE5450C0097D728 /* 炫酷的滑动条Slider */ = {
			isa = PBXNativeTarget;
			buildConfigurationList = BCE197B61AE5450C0097D728 /* Build configuration list for PBXNativeTarget "炫酷的滑动条Slider" */;
			buildPhases = (
				BCE197951AE5450C0097D728 /* Sources */,
				BCE197961AE5450C0097D728 /* Frameworks */,
				BCE197971AE5450C0097D728 /* Resources */,
			);
			buildRules = (
			);
			dependencies = (
			);
			name = "炫酷的滑动条Slider";
			productName = "炫酷的滑动条Slider";
			productReference = BCE197991AE5450C0097D728 /* 炫酷的滑动条Slider.app */;
			productType = "com.apple.product-type.application";
		};
		BCE197AB1AE5450C0097D728 /* 炫酷的滑动条SliderTests */ = {
			isa = PBXNativeTarget;
			buildConfigurationList = BCE197B91AE5450C0097D728 /* Build configuration list for PBXNativeTarget "炫酷的滑动条SliderTests" */;
			buildPhases = (
				BCE197A81AE5450C0097D728 /* Sources */,
				BCE197A91AE5450C0097D728 /* Frameworks */,
				BCE197AA1AE5450C0097D728 /* Resources */,
			);
			buildRules = (
			);
			dependencies = (
				BCE197AE1AE5450C0097D728 /* PBXTargetDependency */,
			);
			name = "炫酷的滑动条SliderTests";
			productName = "炫酷的滑动条SliderTests";
			productReference = BCE197AC1AE5450C0097D728 /* 炫酷的滑动条SliderTests.xctest */;
			productType = "com.apple.product-type.bundle.unit-test";
		};
/* End PBXNativeTarget section */

/* Begin PBXProject section */
		BCE197911AE5450C0097D728 /* Project object */ = {
			isa = PBXProject;
			attributes = {
				LastUpgradeCheck = 0610;
				ORGANIZATIONNAME = "彭少武";
				TargetAttributes = {
					BCE197981AE5450C0097D728 = {
						CreatedOnToolsVersion = 6.1.1;
					};
					BCE197AB1AE5450C0097D728 = {
						CreatedOnToolsVersion = 6.1.1;
						TestTargetID = BCE197981AE5450C0097D728;
					};
				};
			};
			buildConfigurationList = BCE197941AE5450C0097D728 /* Build configuration list for PBXProject "炫酷的滑动条Slider" */;
			compatibilityVersion = "Xcode 3.2";
			developmentRegion = English;
			hasScannedForEncodings = 0;
			knownRegions = (
				en,
				Base,
			);
			mainGroup = BCE197901AE5450C0097D728;
			productRefGroup = BCE1979A1AE5450C0097D728 /* Products */;
			projectDirPath = "";
			projectRoot = "";
			targets = (
				BCE197981AE5450C0097D728 /* 炫酷的滑动条Slider */,
				BCE197AB1AE5450C0097D728 /* 炫酷的滑动条SliderTests */,
			);
		};
/* End PBXProject section */

/* Begin PBXResourcesBuildPhase section */
		BCE197971AE5450C0097D728 /* Resources */ = {
			isa = PBXResourcesBuildPhase;
			buildActionMask = 2147483647;
			files = (
				BCE197A71AE5450C0097D728 /* LaunchScreen.xib in Resources */,
				BCE197C21AE545A80097D728 /* slider_maximum.png in Resources */,
				BCE197C41AE545A80097D728 /* clear.png in Resources */,
				BCE197A41AE5450C0097D728 /* Images.xcassets in Resources */,
				BCE197C31AE545A80097D728 /* slider_minimum.png in Resources */,
			);
			runOnlyForDeploymentPostprocessing = 0;
		};
		BCE197AA1AE5450C0097D728 /* Resources */ = {
			isa = PBXResourcesBuildPhase;
			buildActionMask = 2147483647;
			files = (
			);
			runOnlyForDeploymentPostprocessing = 0;
		};
/* End PBXResourcesBuildPhase section */

/* Begin PBXSourcesBuildPhase section */
		BCE197951AE5450C0097D728 /* Sources */ = {
			isa = PBXSourcesBuildPhase;
			buildActionMask = 2147483647;
			files = (
				BCE197A21AE5450C0097D728 /* AppDelegate.m in Sources */,
				BCE1979F1AE5450C0097D728 /* main.m in Sources */,
				BCE197BE1AE5453F0097D728 /* RootViewController.m in Sources */,
			);
			runOnlyForDeploymentPostprocessing = 0;
		};
		BCE197A81AE5450C0097D728 /* Sources */ = {
			isa = PBXSourcesBuildPhase;
			buildActionMask = 2147483647;
			files = (
				BCE197B31AE5450C0097D728 /* ______SliderTests.m in Sources */,
			);
			runOnlyForDeploymentPostprocessing = 0;
		};
/* End PBXSourcesBuildPhase section */

/* Begin PBXTargetDependency section */
		BCE197AE1AE5450C0097D728 /* PBXTargetDependency */ = {
			isa = PBXTargetDependency;
			target = BCE197981AE5450C0097D728 /* 炫酷的滑动条Slider */;
			targetProxy = BCE197AD1AE5450C0097D728 /* PBXContainerItemProxy */;
		};
/* End PBXTargetDependency section */

/* Begin PBXVariantGroup section */
		BCE197A51AE5450C0097D728 /* LaunchScreen.xib */ = {
			isa = PBXVariantGroup;
			children = (
				BCE197A61AE5450C0097D728 /* Base */,
			);
			name = LaunchScreen.xib;
			sourceTree = "<group>";
		};
/* End PBXVariantGroup section */

/* Begin XCBuildConfiguration section */
		BCE197B41AE5450C0097D728 /* Debug */ = {
			isa = XCBuildConfiguration;
			buildSettings = {
				ALWAYS_SEARCH_USER_PATHS = NO;
				CLANG_CXX_LANGUAGE_STANDARD = "gnu++0x";
				CLANG_CXX_LIBRARY = "libc++";
				CLANG_ENABLE_MODULES = YES;
				CLANG_ENABLE_OBJC_ARC = YES;
				CLANG_WARN_BOOL_CONVERSION = YES;
				CLANG_WARN_CONSTANT_CONVERSION = YES;
				CLANG_WARN_DIRECT_OBJC_ISA_USAGE = YES_ERROR;
				CLANG_WARN_EMPTY_BODY = YES;
				CLANG_WARN_ENUM_CONVERSION = YES;
				CLANG_WARN_INT_CONVERSION = YES;
				CLANG_WARN_OBJC_ROOT_CLASS = YES_ERROR;
				CLANG_WARN_UNREACHABLE_CODE = YES;
				CLANG_WARN__DUPLICATE_METHOD_MATCH = YES;
				"CODE_SIGN_IDENTITY[sdk=iphoneos*]" = "iPhone Developer";
				COPY_PHASE_STRIP = NO;
				ENABLE_STRICT_OBJC_MSGSEND = YES;
				GCC_C_LANGUAGE_STANDARD = gnu99;
				GCC_DYNAMIC_NO_PIC = NO;
				GCC_OPTIMIZATION_LEVEL = 0;
				GCC_PREPROCESSOR_DEFINITIONS = (
					"DEBUG=1",
					"$(inherited)",
				);
				GCC_SYMBOLS_PRIVATE_EXTERN = NO;
				GCC_WARN_64_TO_32_BIT_CONVERSION = YES;
				GCC_WARN_ABOUT_RETURN_TYPE = YES_ERROR;
				GCC_WARN_UNDECLARED_SELECTOR = YES;
				GCC_WARN_UNINITIALIZED_AUTOS = YES_AGGRESSIVE;
				GCC_WARN_UNUSED_FUNCTION = YES;
				GCC_WARN_UNUSED_VARIABLE = YES;
				IPHONEOS_DEPLOYMENT_TARGET = 8.1;
				MTL_ENABLE_DEBUG_INFO = YES;
				ONLY_ACTIVE_ARCH = YES;
				SDKROOT = iphoneos;
				TARGETED_DEVICE_FAMILY = "1,2";
			};
			name = Debug;
		};
		BCE197B51AE5450C0097D728 /* Release */ = {
			isa = XCBuildConfiguration;
			buildSettings = {
				ALWAYS_SEARCH_USER_PATHS = NO;
				CLANG_CXX_LANGUAGE_STANDARD = "gnu++0x";
				CLANG_CXX_LIBRARY = "libc++";
				CLANG_ENABLE_MODULES = YES;
				CLANG_ENABLE_OBJC_ARC = YES;
				CLANG_WARN_BOOL_CONVERSION = YES;
				CLANG_WARN_CONSTANT_CONVERSION = YES;
				CLANG_WARN_DIRECT_OBJC_ISA_USAGE = YES_ERROR;
				CLANG_WARN_EMPTY_BODY = YES;
				CLANG_WARN_ENUM_CONVERSION = YES;
				CLANG_WARN_INT_CONVERSION = YES;
				CLANG_WARN_OBJC_ROOT_CLASS = YES_ERROR;
				CLANG_WARN_UNREACHABLE_CODE = YES;
				CLANG_WARN__DUPLICATE_METHOD_MATCH = YES;
				"CODE_SIGN_IDENTITY[sdk=iphoneos*]" = "iPhone Developer";
				COPY_PHASE_STRIP = YES;
				ENABLE_NS_ASSERTIONS = NO;
				ENABLE_STRICT_OBJC_MSGSEND = YES;
				GCC_C_LANGUAGE_STANDARD = gnu99;
				GCC_WARN_64_TO_32_BIT_CONVERSION = YES;
				GCC_WARN_ABOUT_RETURN_TYPE = YES_ERROR;
				GCC_WARN_UNDECLARED_SELECTOR = YES;
				GCC_WARN_UNINITIALIZED_AUTOS = YES_AGGRESSIVE;
				GCC_WARN_UNUSED_FUNCTION = YES;
				GCC_WARN_UNUSED_VARIABLE = YES;
				IPHONEOS_DEPLOYMENT_TARGET = 8.1;
				MTL_ENABLE_DEBUG_INFO = NO;
				SDKROOT = iphoneos;
				TARGETED_DEVICE_FAMILY = "1,2";
				VALIDATE_PRODUCT = YES;
			};
			name = Release;
		};
		BCE197B71AE5450C0097D728 /* Debug */ = {
			isa = XCBuildConfiguration;
			buildSettings = {
				ASSETCATALOG_COMPILER_APPICON_NAME = AppIcon;
				CLANG_ENABLE_OBJC_ARC = NO;
				INFOPLIST_FILE = "炫酷的滑动条Slider/Info.plist";
				LD_RUNPATH_SEARCH_PATHS = "$(inherited) @executable_path/Frameworks";
				PRODUCT_NAME = "$(TARGET_NAME)";
			};
			name = Debug;
		};
		BCE197B81AE5450C0097D728 /* Release */ = {
			isa = XCBuildConfiguration;
			buildSettings = {
				ASSETCATALOG_COMPILER_APPICON_NAME = AppIcon;
				CLANG_ENABLE_OBJC_ARC = NO;
				INFOPLIST_FILE = "炫酷的滑动条Slider/Info.plist";
				LD_RUNPATH_SEARCH_PATHS = "$(inherited) @executable_path/Frameworks";
				PRODUCT_NAME = "$(TARGET_NAME)";
			};
			name = Release;
		};
		BCE197BA1AE5450C0097D728 /* Debug */ = {
			isa = XCBuildConfiguration;
			buildSettings = {
				BUNDLE_LOADER = "$(TEST_HOST)";
				FRAMEWORK_SEARCH_PATHS = (
					"$(SDKROOT)/Developer/Library/Frameworks",
					"$(inherited)",
				);
				GCC_PREPROCESSOR_DEFINITIONS = (
					"DEBUG=1",
					"$(inherited)",
				);
				INFOPLIST_FILE = "炫酷的滑动条SliderTests/Info.plist";
				LD_RUNPATH_SEARCH_PATHS = "$(inherited) @executable_path/Frameworks @loader_path/Frameworks";
				PRODUCT_NAME = "$(TARGET_NAME)";
				TEST_HOST = "$(BUILT_PRODUCTS_DIR)/炫酷的滑动条Slider.app/炫酷的滑动条Slider";
			};
			name = Debug;
		};
		BCE197BB1AE5450C0097D728 /* Release */ = {
			isa = XCBuildConfiguration;
			buildSettings = {
				BUNDLE_LOADER = "$(TEST_HOST)";
				FRAMEWORK_SEARCH_PATHS = (
					"$(SDKROOT)/Developer/Library/Frameworks",
					"$(inherited)",
				);
				INFOPLIST_FILE = "炫酷的滑动条SliderTests/Info.plist";
				LD_RUNPATH_SEARCH_PATHS = "$(inherited) @executable_path/Frameworks @loader_path/Frameworks";
				PRODUCT_NAME = "$(TARGET_NAME)";
				TEST_HOST = "$(BUILT_PRODUCTS_DIR)/炫酷的滑动条Slider.app/炫酷的滑动条Slider";
			};
			name = Release;
		};
/* End XCBuildConfiguration section */

/* Begin XCConfigurationList section */
		BCE197941AE5450C0097D728 /* Build configuration list for PBXProject "炫酷的滑动条Slider" */ = {
			isa = XCConfigurationList;
			buildConfigurations = (
				BCE197B41AE5450C0097D728 /* Debug */,
				BCE197B51AE5450C0097D728 /* Release */,
			);
			defaultConfigurationIsVisible = 0;
			defaultConfigurationName = Release;
		};
		BCE197B61AE5450C0097D728 /* Build configuration list for PBXNativeTarget "炫酷的滑动条Slider" */ = {
			isa = XCConfigurationList;
			buildConfigurations = (
				BCE197B71AE5450C0097D728 /* Debug */,
				BCE197B81AE5450C0097D728 /* Release */,
			);
			defaultConfigurationIsVisible = 0;
		};
		BCE197B91AE5450C0097D728 /* Build configuration list for PBXNativeTarget "炫酷的滑动条SliderTests" */ = {
			isa = XCConfigurationList;
			buildConfigurations = (
				BCE197BA1AE5450C0097D728 /* Debug */,
				BCE197BB1AE5450C0097D728 /* Release */,
			);
			defaultConfigurationIsVisible = 0;
		};
/* End XCConfigurationList section */
	};
	rootObject = BCE197911AE5450C0097D728 /* Project object */;
}
